
Microsoft Visual Studio Solution File, Format Version 11.00
# Visual Studio 2010
Project("{FAE04EC0-301F-11D3-BF4B-00C04F79EFBC}") = "PagingDemo", "PagingDemo\PagingDemo.csproj", "{5D4BF6E6-BBAA-4332-9C45-04A91C289B4A}"
EndProject
Global
	GlobalSection(SolutionConfigurationPlatforms) = preSolution
		Debug|iPhoneSimulator = Debug|iPhoneSimulator
		Release|iPhoneSimulator = Release|iPhoneSimulator
		Debug|iPhone = Debug|iPhone
		Release|iPhone = Release|iPhone
		Ad-Hoc|iPhone = Ad-Hoc|iPhone
		AppStore|iPhone = AppStore|iPhone
	EndGlobalSection
	GlobalSection(ProjectConfigurationPlatforms) = postSolution
		{5D4BF6E6-BBAA-4332-9C45-04A91C289B4A}.Ad-Hoc|iPhone.ActiveCfg = Ad-Hoc|iPhone
		{5D4BF6E6-BBAA-4332-9C45-04A91C289B4A}.Ad-Hoc|iPhone.Build.0 = Ad-Hoc|iPhone
		{5D4BF6E6-BBAA-4332-9C45-04A91C289B4A}.AppStore|iPhone.ActiveCfg = AppStore|iPhone
		{5D4BF6E6-BBAA-4332-9C45-04A91C289B4A}.AppStore|iPhone.Build.0 = AppStore|iPhone
		{5D4BF6E6-BBAA-4332-9C45-04A91C289B4A}.Debug|iPhone.ActiveCfg = Debug|iPhone
		{5D4BF6E6-BBAA-4332-9C45-04A91C289B4A}.Debug|iPhone.Build.0 = Debug|iPhone
		{5D4BF6E6-BBAA-4332-9C45-04A91C289B4A}.Debug|iPhoneSimulator.ActiveCfg = Debug|iPhoneSimulator
		{5D4BF6E6-BBAA-4332-9C45-04A91C289B4A}.Debug|iPhoneSimulator.Build.0 = Debug|iPhoneSimulator
		{5D4BF6E6-BBAA-4332-9C45-04A91C289B4A}.Release|iPhone.ActiveCfg = Release|iPhone
		{5D4BF6E6-BBAA-4332-9C45-04A91C289B4A}.Release|iPhone.Build.0 = Release|iPhone
		{5D4BF6E6-BBAA-4332-9C45-04A91C289B4A}.Release|iPhoneSimulator.ActiveCfg = Release|iPhoneSimulator
		{5D4BF6E6-BBAA-4332-9C45-04A91C289B4A}.Release|iPhoneSimulator.Build.0 = Release|iPhoneSimulator
	EndGlobalSection
	GlobalSection(MonoDevelopProperties) = preSolution
		StartupItem = PagingDemo\PagingDemo.csproj
	EndGlobalSection
EndGlobal
